{
  "name": "fp-ts-fetch",
  "version": "0.0.3",
  "lockfileVersion": 3,
  "requires": true,
  "packages": {
    "": {
      "name": "fp-ts-fetch",
      "version": "0.0.3",
      "license": "ISC",
      "dependencies": {
        "fp-ts": "^2.12.1"
      },
      "devDependencies": {
        "fp-ts": "^2.12.1",
        "typescript": "^5.3.3"
      }
    },
    "node_modules/fp-ts": {
      "version": "2.16.1",
      "resolved": "https://registry.npmjs.org/fp-ts/-/fp-ts-2.16.1.tgz",
      "integrity": "sha512-by7U5W8dkIzcvDofUcO42yl9JbnHTEDBrzu3pt5fKT+Z4Oy85I21K80EYJYdjQGC2qum4Vo55Ag57iiIK4FYuA==",
      "dev": true
    },
    "node_modules/typescript": {
      "version": "5.3.3",
      "resolved": "https://registry.npmjs.org/typescript/-/typescript-5.3.3.tgz",
      "integrity": "sha512-pXWcraxM0uxAS+tN0AG/BF2TyqmHO014Z070UsJ+pFvYuRSq8KH8DmWpnbXe0pEPDHXZV3FcAbJkijJ5oNEnWw==",
      "dev": true,
      "bin": {
        "tsc": "bin/tsc",
        "tsserver": "bin/tsserver"
      },
      "engines": {
        "node": ">=14.17"
      }
    }
  }
}
